
Microsoft Visual Studio Solution File, Format Version 12.00
# Visual Studio Version 17
VisualStudioVersion = 17.14.36705.20 d17.14
MinimumVisualStudioVersion = 10.0.40219.1
Project("{FAE04EC0-301F-11D3-BF4B-00C04F79EFBC}") = "ProjetoAPIAprendizado", "ProjetoAPIAprendizado\ProjetoAPIAprendizado.csproj", "{63EAC9E2-E355-4780-8D32-AAF6D151B719}"
EndProject
Global
	GlobalSection(SolutionConfigurationPlatforms) = preSolution
		Debug|Any CPU = Debug|Any CPU
		Release|Any CPU = Release|Any CPU
	EndGlobalSection
	GlobalSection(ProjectConfigurationPlatforms) = postSolution
		{63EAC9E2-E355-4780-8D32-AAF6D151B719}.Debug|Any CPU.ActiveCfg = Debug|Any CPU
		{63EAC9E2-E355-4780-8D32-AAF6D151B719}.Debug|Any CPU.Build.0 = Debug|Any CPU
		{63EAC9E2-E355-4780-8D32-AAF6D151B719}.Release|Any CPU.ActiveCfg = Release|Any CPU
		{63EAC9E2-E355-4780-8D32-AAF6D151B719}.Release|Any CPU.Build.0 = Release|Any CPU
	EndGlobalSection
	GlobalSection(SolutionProperties) = preSolution
		HideSolutionNode = FALSE
	EndGlobalSection
	GlobalSection(ExtensibilityGlobals) = postSolution
		SolutionGuid = {02205CA0-207E-4C06-9A8D-BB906575ED43}
	EndGlobalSection
EndGlobal
